
Microsoft Visual Studio Solution File, Format Version 12.00
# Visual Studio Version 17
VisualStudioVersion = 17.5.33424.131
MinimumVisualStudioVersion = 10.0.40219.1
Project("{8BC9CEB8-8B4A-11D0-8D11-00A0C91BC942}") = "ParadigmaOOP", "ParadigmaOOP\ParadigmaOOP.vcxproj", "{4D965137-3AA2-4056-9955-DD678801B72A}"
EndProject
Project("{8BC9CEB8-8B4A-11D0-8D11-00A0C91BC942}") = "Asosiasi", "Asosiasi\Asosiasi.vcxproj", "{80EE0061-CAD8-428D-A2BE-BF6EDF614A25}"
EndProject
Project("{8BC9CEB8-8B4A-11D0-8D11-00A0C91BC942}") = "MainIA", "MainIA\MainIA.vcxproj", "{1C095D38-1B36-43E3-8C8D-E4D19D58CC7C}"
EndProject
Project("{8BC9CEB8-8B4A-11D0-8D11-00A0C91BC942}") = "MainJM", "MainJM\MainJM.vcxproj", "{64BFFB0E-740B-42E8-945A-88C8C9C7F361}"
EndProject
Project("{8BC9CEB8-8B4A-11D0-8D11-00A0C91BC942}") = "memberinitlist", "memberinitlist\memberinitlist.vcxproj", "{D5418C73-CC73-45D0-BADB-43817C934539}"
EndProject
Global
	GlobalSection(SolutionConfigurationPlatforms) = preSolution
		Debug|x64 = Debug|x64
		Debug|x86 = Debug|x86
		Release|x64 = Release|x64
		Release|x86 = Release|x86
	EndGlobalSection
	GlobalSection(ProjectConfigurationPlatforms) = postSolution
		{4D965137-3AA2-4056-9955-DD678801B72A}.Debug|x64.ActiveCfg = Debug|x64
		{4D965137-3AA2-4056-9955-DD678801B72A}.Debug|x64.Build.0 = Debug|x64
		{4D965137-3AA2-4056-9955-DD678801B72A}.Debug|x86.ActiveCfg = Debug|Win32
		{4D965137-3AA2-4056-9955-DD678801B72A}.Debug|x86.Build.0 = Debug|Win32
		{4D965137-3AA2-4056-9955-DD678801B72A}.Release|x64.ActiveCfg = Release|x64
		{4D965137-3AA2-4056-9955-DD678801B72A}.Release|x64.Build.0 = Release|x64
		{4D965137-3AA2-4056-9955-DD678801B72A}.Release|x86.ActiveCfg = Release|Win32
		{4D965137-3AA2-4056-9955-DD678801B72A}.Release|x86.Build.0 = Release|Win32
		{80EE0061-CAD8-428D-A2BE-BF6EDF614A25}.Debug|x64.ActiveCfg = Debug|x64
		{80EE0061-CAD8-428D-A2BE-BF6EDF614A25}.Debug|x64.Build.0 = Debug|x64
		{80EE0061-CAD8-428D-A2BE-BF6EDF614A25}.Debug|x86.ActiveCfg = Debug|Win32
		{80EE0061-CAD8-428D-A2BE-BF6EDF614A25}.Debug|x86.Build.0 = Debug|Win32
		{80EE0061-CAD8-428D-A2BE-BF6EDF614A25}.Release|x64.ActiveCfg = Release|x64
		{80EE0061-CAD8-428D-A2BE-BF6EDF614A25}.Release|x64.Build.0 = Release|x64
		{80EE0061-CAD8-428D-A2BE-BF6EDF614A25}.Release|x86.ActiveCfg = Release|Win32
		{80EE0061-CAD8-428D-A2BE-BF6EDF614A25}.Release|x86.Build.0 = Release|Win32
		{1C095D38-1B36-43E3-8C8D-E4D19D58CC7C}.Debug|x64.ActiveCfg = Debug|x64
		{1C095D38-1B36-43E3-8C8D-E4D19D58CC7C}.Debug|x64.Build.0 = Debug|x64
		{1C095D38-1B36-43E3-8C8D-E4D19D58CC7C}.Debug|x86.ActiveCfg = Debug|Win32
		{1C095D38-1B36-43E3-8C8D-E4D19D58CC7C}.Debug|x86.Build.0 = Debug|Win32
		{1C095D38-1B36-43E3-8C8D-E4D19D58CC7C}.Release|x64.ActiveCfg = Release|x64
		{1C095D38-1B36-43E3-8C8D-E4D19D58CC7C}.Release|x64.Build.0 = Release|x64
		{1C095D38-1B36-43E3-8C8D-E4D19D58CC7C}.Release|x86.ActiveCfg = Release|Win32
		{1C095D38-1B36-43E3-8C8D-E4D19D58CC7C}.Release|x86.Build.0 = Release|Win32
		{64BFFB0E-740B-42E8-945A-88C8C9C7F361}.Debug|x64.ActiveCfg = Debug|x64
		{64BFFB0E-740B-42E8-945A-88C8C9C7F361}.Debug|x64.Build.0 = Debug|x64
		{64BFFB0E-740B-42E8-945A-88C8C9C7F361}.Debug|x86.ActiveCfg = Debug|Win32
		{64BFFB0E-740B-42E8-945A-88C8C9C7F361}.Debug|x86.Build.0 = Debug|Win32
		{64BFFB0E-740B-42E8-945A-88C8C9C7F361}.Release|x64.ActiveCfg = Release|x64
		{64BFFB0E-740B-42E8-945A-88C8C9C7F361}.Release|x64.Build.0 = Release|x64
		{64BFFB0E-740B-42E8-945A-88C8C9C7F361}.Release|x86.ActiveCfg = Release|Win32
		{64BFFB0E-740B-42E8-945A-88C8C9C7F361}.Release|x86.Build.0 = Release|Win32
		{D5418C73-CC73-45D0-BADB-43817C934539}.Debug|x64.ActiveCfg = Debug|x64
		{D5418C73-CC73-45D0-BADB-43817C934539}.Debug|x64.Build.0 = Debug|x64
		{D5418C73-CC73-45D0-BADB-43817C934539}.Debug|x86.ActiveCfg = Debug|Win32
		{D5418C73-CC73-45D0-BADB-43817C934539}.Debug|x86.Build.0 = Debug|Win32
		{D5418C73-CC73-45D0-BADB-43817C934539}.Release|x64.ActiveCfg = Release|x64
		{D5418C73-CC73-45D0-BADB-43817C934539}.Release|x64.Build.0 = Release|x64
		{D5418C73-CC73-45D0-BADB-43817C934539}.Release|x86.ActiveCfg = Release|Win32
		{D5418C73-CC73-45D0-BADB-43817C934539}.Release|x86.Build.0 = Release|Win32
	EndGlobalSection
	GlobalSection(SolutionProperties) = preSolution
		HideSolutionNode = FALSE
	EndGlobalSection
	GlobalSection(ExtensibilityGlobals) = postSolution
		SolutionGuid = {73CB7C7D-6B38-4B64-889D-7E326CCC0B0D}
	EndGlobalSection
EndGlobal
